{
  "name": "oj-youtube-loader",
  "version": "1.0.0",
  "lockfileVersion": 1,
  "requires": true,
  "dependencies": {
    "oj-eventaggregator": {
      "version": "1.0.2",
      "resolved": "https://registry.npmjs.org/oj-eventaggregator/-/oj-eventaggregator-1.0.2.tgz",
      "integrity": "sha512-QQIGFRR73HNgScoNEQ+U/OnqHMroOoCioi+A3W2bAKrG/xuYU3zHPdIqIi2KfkGrhQbLqzM8HcUceBpPDdS1UA=="
    }
  }
}
